
Microsoft Visual Studio Solution File, Format Version 12.00
# Visual Studio Version 16
VisualStudioVersion = 16.0.29609.76
MinimumVisualStudioVersion = 10.0.40219.1
Project("{9A19103F-16F7-4668-BE54-9A1E7A4F7556}") = "StoryService", "StoryService\StoryService.csproj", "{ACDCE626-A60C-42C0-AF29-5C7AB7197853}"
EndProject
Project("{9A19103F-16F7-4668-BE54-9A1E7A4F7556}") = "StoryService.Models", "StoryService.Models\StoryService.Models.csproj", "{6E41096A-0BB8-409A-B98F-8543545085E0}"
EndProject
Project("{9A19103F-16F7-4668-BE54-9A1E7A4F7556}") = "StoryService.Data", "StoryService.Data\StoryService.Data.csproj", "{5D1A0B00-8FAC-4794-AE58-D708F5151E6D}"
EndProject
Project("{9A19103F-16F7-4668-BE54-9A1E7A4F7556}") = "StoryService.Repository", "StoryService.Repository\StoryService.Repository.csproj", "{6C3E13CD-AB26-42EB-8EEB-A63A93418A41}"
EndProject
Project("{2150E333-8FDC-42A3-9474-1A3956D46DE8}") = "Solution Items", "Solution Items", "{EA881353-6261-4F01-9A98-6BAFE90D572C}"
	ProjectSection(SolutionItems) = preProject
		azure-pipelines.yml = azure-pipelines.yml
	EndProjectSection
EndProject
Project("{FAE04EC0-301F-11D3-BF4B-00C04F79EFBC}") = "StoryService.Services", "StoryService.Services\StoryService.Services.csproj", "{8BE61AA8-9100-4449-8532-A235A85C8C0C}"
EndProject
Global
	GlobalSection(SolutionConfigurationPlatforms) = preSolution
		Debug|Any CPU = Debug|Any CPU
		Release|Any CPU = Release|Any CPU
	EndGlobalSection
	GlobalSection(ProjectConfigurationPlatforms) = postSolution
		{ACDCE626-A60C-42C0-AF29-5C7AB7197853}.Debug|Any CPU.ActiveCfg = Debug|Any CPU
		{ACDCE626-A60C-42C0-AF29-5C7AB7197853}.Debug|Any CPU.Build.0 = Debug|Any CPU
		{ACDCE626-A60C-42C0-AF29-5C7AB7197853}.Release|Any CPU.ActiveCfg = Release|Any CPU
		{ACDCE626-A60C-42C0-AF29-5C7AB7197853}.Release|Any CPU.Build.0 = Release|Any CPU
		{6E41096A-0BB8-409A-B98F-8543545085E0}.Debug|Any CPU.ActiveCfg = Debug|Any CPU
		{6E41096A-0BB8-409A-B98F-8543545085E0}.Debug|Any CPU.Build.0 = Debug|Any CPU
		{6E41096A-0BB8-409A-B98F-8543545085E0}.Release|Any CPU.ActiveCfg = Release|Any CPU
		{6E41096A-0BB8-409A-B98F-8543545085E0}.Release|Any CPU.Build.0 = Release|Any CPU
		{5D1A0B00-8FAC-4794-AE58-D708F5151E6D}.Debug|Any CPU.ActiveCfg = Debug|Any CPU
		{5D1A0B00-8FAC-4794-AE58-D708F5151E6D}.Debug|Any CPU.Build.0 = Debug|Any CPU
		{5D1A0B00-8FAC-4794-AE58-D708F5151E6D}.Release|Any CPU.ActiveCfg = Release|Any CPU
		{5D1A0B00-8FAC-4794-AE58-D708F5151E6D}.Release|Any CPU.Build.0 = Release|Any CPU
		{6C3E13CD-AB26-42EB-8EEB-A63A93418A41}.Debug|Any CPU.ActiveCfg = Debug|Any CPU
		{6C3E13CD-AB26-42EB-8EEB-A63A93418A41}.Debug|Any CPU.Build.0 = Debug|Any CPU
		{6C3E13CD-AB26-42EB-8EEB-A63A93418A41}.Release|Any CPU.ActiveCfg = Release|Any CPU
		{6C3E13CD-AB26-42EB-8EEB-A63A93418A41}.Release|Any CPU.Build.0 = Release|Any CPU
		{8BE61AA8-9100-4449-8532-A235A85C8C0C}.Debug|Any CPU.ActiveCfg = Debug|Any CPU
		{8BE61AA8-9100-4449-8532-A235A85C8C0C}.Debug|Any CPU.Build.0 = Debug|Any CPU
		{8BE61AA8-9100-4449-8532-A235A85C8C0C}.Release|Any CPU.ActiveCfg = Release|Any CPU
		{8BE61AA8-9100-4449-8532-A235A85C8C0C}.Release|Any CPU.Build.0 = Release|Any CPU
	EndGlobalSection
	GlobalSection(SolutionProperties) = preSolution
		HideSolutionNode = FALSE
	EndGlobalSection
	GlobalSection(ExtensibilityGlobals) = postSolution
		SolutionGuid = {AD666646-8B4D-48F8-835E-2BD571F2AA83}
	EndGlobalSection
EndGlobal
